
Microsoft Visual Studio Solution File, Format Version 12.00
# Visual Studio Version 17
VisualStudioVersion = 17.8.34309.116
MinimumVisualStudioVersion = 10.0.40219.1
Project("{9A19103F-16F7-4668-BE54-9A1E7A4F7556}") = "Stellaris.Console", "Stellaris.Console\Stellaris.Console.csproj", "{3B502682-997A-4385-A7DC-6E06F211F612}"
EndProject
Project("{2150E333-8FDC-42A3-9474-1A3956D46DE8}") = "Shared", "Shared", "{E706B8F7-5EE6-4598-B667-EA038CA0C7FE}"
EndProject
Project("{9A19103F-16F7-4668-BE54-9A1E7A4F7556}") = "Stellaris.Shared", "Stellaris.Shared\Stellaris.Shared.csproj", "{54951977-8912-4FE6-A8DA-7BC5FF813F68}"
EndProject
Project("{2150E333-8FDC-42A3-9474-1A3956D46DE8}") = "API", "API", "{1BDB2474-CC4A-4519-8FBD-C37D8BD1EC84}"
EndProject
Project("{FAE04EC0-301F-11D3-BF4B-00C04F79EFBC}") = "Stellaris.WebApi", "Stellaris.WebApi\Stellaris.WebApi.csproj", "{DF44617B-5F4A-4359-AB87-0F13739B785F}"
EndProject
Global
	GlobalSection(SolutionConfigurationPlatforms) = preSolution
		Debug|Any CPU = Debug|Any CPU
		Release|Any CPU = Release|Any CPU
	EndGlobalSection
	GlobalSection(ProjectConfigurationPlatforms) = postSolution
		{3B502682-997A-4385-A7DC-6E06F211F612}.Debug|Any CPU.ActiveCfg = Debug|Any CPU
		{3B502682-997A-4385-A7DC-6E06F211F612}.Debug|Any CPU.Build.0 = Debug|Any CPU
		{3B502682-997A-4385-A7DC-6E06F211F612}.Release|Any CPU.ActiveCfg = Release|Any CPU
		{3B502682-997A-4385-A7DC-6E06F211F612}.Release|Any CPU.Build.0 = Release|Any CPU
		{54951977-8912-4FE6-A8DA-7BC5FF813F68}.Debug|Any CPU.ActiveCfg = Debug|Any CPU
		{54951977-8912-4FE6-A8DA-7BC5FF813F68}.Debug|Any CPU.Build.0 = Debug|Any CPU
		{54951977-8912-4FE6-A8DA-7BC5FF813F68}.Release|Any CPU.ActiveCfg = Release|Any CPU
		{54951977-8912-4FE6-A8DA-7BC5FF813F68}.Release|Any CPU.Build.0 = Release|Any CPU
		{DF44617B-5F4A-4359-AB87-0F13739B785F}.Debug|Any CPU.ActiveCfg = Debug|Any CPU
		{DF44617B-5F4A-4359-AB87-0F13739B785F}.Debug|Any CPU.Build.0 = Debug|Any CPU
		{DF44617B-5F4A-4359-AB87-0F13739B785F}.Release|Any CPU.ActiveCfg = Release|Any CPU
		{DF44617B-5F4A-4359-AB87-0F13739B785F}.Release|Any CPU.Build.0 = Release|Any CPU
	EndGlobalSection
	GlobalSection(SolutionProperties) = preSolution
		HideSolutionNode = FALSE
	EndGlobalSection
	GlobalSection(NestedProjects) = preSolution
		{54951977-8912-4FE6-A8DA-7BC5FF813F68} = {E706B8F7-5EE6-4598-B667-EA038CA0C7FE}
		{DF44617B-5F4A-4359-AB87-0F13739B785F} = {1BDB2474-CC4A-4519-8FBD-C37D8BD1EC84}
	EndGlobalSection
	GlobalSection(ExtensibilityGlobals) = postSolution
		SolutionGuid = {C828F049-560B-4868-BAB1-537E26D4F394}
	EndGlobalSection
EndGlobal
